
Microsoft Visual Studio Solution File, Format Version 12.00
# Visual Studio Version 17
VisualStudioVersion = 17.9.34728.123
MinimumVisualStudioVersion = 10.0.40219.1
Project("{FAE04EC0-301F-11D3-BF4B-00C04F79EFBC}") = "CoffeeShop", "CoffeeShop.csproj", "{1C1EC9C3-2D7B-4397-84FE-9D2768B6D350}"
EndProject
Global
	GlobalSection(SolutionConfigurationPlatforms) = preSolution
		Debug|Any CPU = Debug|Any CPU
		Release|Any CPU = Release|Any CPU
	EndGlobalSection
	GlobalSection(ProjectConfigurationPlatforms) = postSolution
		{1C1EC9C3-2D7B-4397-84FE-9D2768B6D350}.Debug|Any CPU.ActiveCfg = Debug|Any CPU
		{1C1EC9C3-2D7B-4397-84FE-9D2768B6D350}.Debug|Any CPU.Build.0 = Debug|Any CPU
		{1C1EC9C3-2D7B-4397-84FE-9D2768B6D350}.Release|Any CPU.ActiveCfg = Release|Any CPU
		{1C1EC9C3-2D7B-4397-84FE-9D2768B6D350}.Release|Any CPU.Build.0 = Release|Any CPU
	EndGlobalSection
	GlobalSection(SolutionProperties) = preSolution
		HideSolutionNode = FALSE
	EndGlobalSection
	GlobalSection(ExtensibilityGlobals) = postSolution
		SolutionGuid = {F7EE82AC-F10C-4067-8438-1A8416E03032}
	EndGlobalSection
EndGlobal
